{
  "name": "primetest",
  "version": "1.0.0",
  "lockfileVersion": 2,
  "requires": true,
  "packages": {
    "": {
      "name": "primetest",
      "version": "1.0.0",
      "license": "ISC",
      "dependencies": {
        "my-prime": "^1.0.1"
      }
    },
    "node_modules/my-prime": {
      "version": "1.0.1",
      "resolved": "https://registry.npmjs.org/my-prime/-/my-prime-1.0.1.tgz",
      "integrity": "sha512-uKGYuy42n7nHeGx2iqTUjjS1nh0TL747WQs2OdBizf294KnjZWyizgIfSvk8pzRAKv67nyHNo2yUYQDURoa+gA=="
    }
  },
  "dependencies": {
    "my-prime": {
      "version": "1.0.1",
      "resolved": "https://registry.npmjs.org/my-prime/-/my-prime-1.0.1.tgz",
      "integrity": "sha512-uKGYuy42n7nHeGx2iqTUjjS1nh0TL747WQs2OdBizf294KnjZWyizgIfSvk8pzRAKv67nyHNo2yUYQDURoa+gA=="
    }
  }
}
